
Microsoft Visual Studio Solution File, Format Version 12.00
# Visual Studio Version 17
VisualStudioVersion = 17.4.33122.133
MinimumVisualStudioVersion = 10.0.40219.1
Project("{FAE04EC0-301F-11D3-BF4B-00C04F79EFBC}") = "MCC73MVC", "MCC73MVC\MCC73MVC.csproj", "{5742AA05-7467-4868-A8B1-61D8C17E03B2}"
EndProject
Global
	GlobalSection(SolutionConfigurationPlatforms) = preSolution
		Debug|Any CPU = Debug|Any CPU
		Release|Any CPU = Release|Any CPU
	EndGlobalSection
	GlobalSection(ProjectConfigurationPlatforms) = postSolution
		{5742AA05-7467-4868-A8B1-61D8C17E03B2}.Debug|Any CPU.ActiveCfg = Debug|Any CPU
		{5742AA05-7467-4868-A8B1-61D8C17E03B2}.Debug|Any CPU.Build.0 = Debug|Any CPU
		{5742AA05-7467-4868-A8B1-61D8C17E03B2}.Release|Any CPU.ActiveCfg = Release|Any CPU
		{5742AA05-7467-4868-A8B1-61D8C17E03B2}.Release|Any CPU.Build.0 = Release|Any CPU
	EndGlobalSection
	GlobalSection(SolutionProperties) = preSolution
		HideSolutionNode = FALSE
	EndGlobalSection
	GlobalSection(ExtensibilityGlobals) = postSolution
		SolutionGuid = {5D6FF3EB-6BB1-4F69-A7A3-D0EC5593CFE3}
	EndGlobalSection
EndGlobal
